
Microsoft Visual Studio Solution File, Format Version 12.00
# Visual Studio Version 17
VisualStudioVersion = 17.2.32602.215
MinimumVisualStudioVersion = 10.0.40219.1
Project("{FAE04EC0-301F-11D3-BF4B-00C04F79EFBC}") = "TestWebApp", "TestWebApp\TestWebApp.csproj", "{80F771F6-E8EA-4861-BC02-0BACBA9A8F43}"
EndProject
Global
	GlobalSection(SolutionConfigurationPlatforms) = preSolution
		Debug|Any CPU = Debug|Any CPU
		Release|Any CPU = Release|Any CPU
	EndGlobalSection
	GlobalSection(ProjectConfigurationPlatforms) = postSolution
		{80F771F6-E8EA-4861-BC02-0BACBA9A8F43}.Debug|Any CPU.ActiveCfg = Debug|Any CPU
		{80F771F6-E8EA-4861-BC02-0BACBA9A8F43}.Debug|Any CPU.Build.0 = Debug|Any CPU
		{80F771F6-E8EA-4861-BC02-0BACBA9A8F43}.Release|Any CPU.ActiveCfg = Release|Any CPU
		{80F771F6-E8EA-4861-BC02-0BACBA9A8F43}.Release|Any CPU.Build.0 = Release|Any CPU
	EndGlobalSection
	GlobalSection(SolutionProperties) = preSolution
		HideSolutionNode = FALSE
	EndGlobalSection
	GlobalSection(ExtensibilityGlobals) = postSolution
		SolutionGuid = {C72444C5-CE90-4684-BA06-3685E34B2685}
	EndGlobalSection
EndGlobal
